// !$*UTF8*$!
{
	archiveVersion = 1;
	classes = {
	};
	objectVersion = 50;
	objects = {

/* Begin PBXBuildFile section */
		04DDB81FCD1CDFBD0D2B46FD /* Pods_testleboncoin.framework in Frameworks */ = {isa = PBXBuildFile; fileRef = 464D9039874ACE774EBB6495 /* Pods_testleboncoin.framework */; };
		38EF9F3493146C0E0280B335 /* Pods_testleboncoin_testleboncoinUITests.framework in Frameworks */ = {isa = PBXBuildFile; fileRef = 0C748E248015A4BE4DA43929 /* Pods_testleboncoin_testleboncoinUITests.framework */; };
		EBBC796D01A6642BE9747CCD /* Pods_testleboncoinTests.framework in Frameworks */ = {isa = PBXBuildFile; fileRef = D83700150374B7C42ED107A3 /* Pods_testleboncoinTests.framework */; };
		ED6C835826A06FDB00E24D02 /* AppDelegate.swift in Sources */ = {isa = PBXBuildFile; fileRef = ED6C835726A06FDB00E24D02 /* AppDelegate.swift */; };
		ED6C835C26A06FDB00E24D02 /* AdvertListViewController.swift in Sources */ = {isa = PBXBuildFile; fileRef = ED6C835B26A06FDB00E24D02 /* AdvertListViewController.swift */; };
		ED6C836126A06FDE00E24D02 /* Assets.xcassets in Resources */ = {isa = PBXBuildFile; fileRef = ED6C836026A06FDE00E24D02 /* Assets.xcassets */; };
		ED6C836426A06FDE00E24D02 /* LaunchScreen.storyboard in Resources */ = {isa = PBXBuildFile; fileRef = ED6C836226A06FDE00E24D02 /* LaunchScreen.storyboard */; };
		ED6C836F26A06FDE00E24D02 /* TestSessionTests.swift in Sources */ = {isa = PBXBuildFile; fileRef = ED6C836E26A06FDE00E24D02 /* TestSessionTests.swift */; };
		ED6C837A26A06FDE00E24D02 /* TestleboncoinUITests.swift in Sources */ = {isa = PBXBuildFile; fileRef = ED6C837926A06FDE00E24D02 /* TestleboncoinUITests.swift */; };
		ED6C839026A0D90800E24D02 /* EndPoint.swift in Sources */ = {isa = PBXBuildFile; fileRef = ED6C838F26A0D90800E24D02 /* EndPoint.swift */; };
		ED6C839226A0DECB00E24D02 /* RESTAPIClient.swift in Sources */ = {isa = PBXBuildFile; fileRef = ED6C839126A0DECB00E24D02 /* RESTAPIClient.swift */; };
		ED6C839426A0EB8D00E24D02 /* APIProvider.swift in Sources */ = {isa = PBXBuildFile; fileRef = ED6C839326A0EB8D00E24D02 /* APIProvider.swift */; };
		ED6C839626A0F07A00E24D02 /* Category.swift in Sources */ = {isa = PBXBuildFile; fileRef = ED6C839526A0F07A00E24D02 /* Category.swift */; };
		ED6C839926A17B5400E24D02 /* TestSession.swift in Sources */ = {isa = PBXBuildFile; fileRef = ED6C839826A17B5400E24D02 /* TestSession.swift */; };
		ED6C839F26A18CC000E24D02 /* RESTAPIClientTests.swift in Sources */ = {isa = PBXBuildFile; fileRef = ED6C839E26A18CC000E24D02 /* RESTAPIClientTests.swift */; };
		ED6C83A226A1B8C100E24D02 /* category.json in Resources */ = {isa = PBXBuildFile; fileRef = ED6C83A126A1B8C100E24D02 /* category.json */; };
		ED6C83A326A1B8C100E24D02 /* category.json in Resources */ = {isa = PBXBuildFile; fileRef = ED6C83A126A1B8C100E24D02 /* category.json */; };
		ED6C83A526A1DBA000E24D02 /* category_error.json in Resources */ = {isa = PBXBuildFile; fileRef = ED6C83A426A1DBA000E24D02 /* category_error.json */; };
		ED6C83A626A1DBA000E24D02 /* category_error.json in Resources */ = {isa = PBXBuildFile; fileRef = ED6C83A426A1DBA000E24D02 /* category_error.json */; };
		ED6C83A826A21F6B00E24D02 /* APIProviderTests.swift in Sources */ = {isa = PBXBuildFile; fileRef = ED6C83A726A21F6B00E24D02 /* APIProviderTests.swift */; };
		ED6C83AD26A22C8300E24D02 /* AdvertItem.swift in Sources */ = {isa = PBXBuildFile; fileRef = ED6C83AC26A22C8300E24D02 /* AdvertItem.swift */; };
		ED6C83B026A238DC00E24D02 /* advertList.json in Resources */ = {isa = PBXBuildFile; fileRef = ED6C83AF26A238DB00E24D02 /* advertList.json */; };
		ED6C83B126A238DC00E24D02 /* advertList.json in Resources */ = {isa = PBXBuildFile; fileRef = ED6C83AF26A238DB00E24D02 /* advertList.json */; };
		ED6C83B526A2D75100E24D02 /* Extension+Data.swift in Sources */ = {isa = PBXBuildFile; fileRef = ED6C83B426A2D75100E24D02 /* Extension+Data.swift */; };
		ED6C83B726A371E900E24D02 /* advertList_error.json in Resources */ = {isa = PBXBuildFile; fileRef = ED6C83B626A371E800E24D02 /* advertList_error.json */; };
		ED6C83B826A3723300E24D02 /* advertList_error.json in Resources */ = {isa = PBXBuildFile; fileRef = ED6C83B626A371E800E24D02 /* advertList_error.json */; };
/* End PBXBuildFile section */

/* Begin PBXContainerItemProxy section */
		ED6C836B26A06FDE00E24D02 /* PBXContainerItemProxy */ = {
			isa = PBXContainerItemProxy;
			containerPortal = ED6C834C26A06FDB00E24D02 /* Project object */;
			proxyType = 1;
			remoteGlobalIDString = ED6C835326A06FDB00E24D02;
			remoteInfo = testleboncoin;
		};
		ED6C837626A06FDE00E24D02 /* PBXContainerItemProxy */ = {
			isa = PBXContainerItemProxy;
			containerPortal = ED6C834C26A06FDB00E24D02 /* Project object */;
			proxyType = 1;
			remoteGlobalIDString = ED6C835326A06FDB00E24D02;
			remoteInfo = testleboncoin;
		};
/* End PBXContainerItemProxy section */

/* Begin PBXFileReference section */
		07380EA7896A4D5D1F6480C6 /* Pods-testleboncoin.debug.xcconfig */ = {isa = PBXFileReference; includeInIndex = 1; lastKnownFileType = text.xcconfig; name = "Pods-testleboncoin.debug.xcconfig"; path = "Target Support Files/Pods-testleboncoin/Pods-testleboncoin.debug.xcconfig"; sourceTree = "<group>"; };
		0C748E248015A4BE4DA43929 /* Pods_testleboncoin_testleboncoinUITests.framework */ = {isa = PBXFileReference; explicitFileType = wrapper.framework; includeInIndex = 0; path = Pods_testleboncoin_testleboncoinUITests.framework; sourceTree = BUILT_PRODUCTS_DIR; };
		3CEB3E08ABA5EC3A2A89F53A /* Pods-testleboncoin-testleboncoinUITests.debug.xcconfig */ = {isa = PBXFileReference; includeInIndex = 1; lastKnownFileType = text.xcconfig; name = "Pods-testleboncoin-testleboncoinUITests.debug.xcconfig"; path = "Target Support Files/Pods-testleboncoin-testleboncoinUITests/Pods-testleboncoin-testleboncoinUITests.debug.xcconfig"; sourceTree = "<group>"; };
		434045CB61326139988CD212 /* Pods-testleboncoin-testleboncoinUITests.release.xcconfig */ = {isa = PBXFileReference; includeInIndex = 1; lastKnownFileType = text.xcconfig; name = "Pods-testleboncoin-testleboncoinUITests.release.xcconfig"; path = "Target Support Files/Pods-testleboncoin-testleboncoinUITests/Pods-testleboncoin-testleboncoinUITests.release.xcconfig"; sourceTree = "<group>"; };
		464D9039874ACE774EBB6495 /* Pods_testleboncoin.framework */ = {isa = PBXFileReference; explicitFileType = wrapper.framework; includeInIndex = 0; path = Pods_testleboncoin.framework; sourceTree = BUILT_PRODUCTS_DIR; };
		4ABABE1E5E3D72369A3EB75C /* Pods-testleboncoinTests.debug.xcconfig */ = {isa = PBXFileReference; includeInIndex = 1; lastKnownFileType = text.xcconfig; name = "Pods-testleboncoinTests.debug.xcconfig"; path = "Target Support Files/Pods-testleboncoinTests/Pods-testleboncoinTests.debug.xcconfig"; sourceTree = "<group>"; };
		508831FCEA30CDBF1AAC35B6 /* Pods-testleboncoin.release.xcconfig */ = {isa = PBXFileReference; includeInIndex = 1; lastKnownFileType = text.xcconfig; name = "Pods-testleboncoin.release.xcconfig"; path = "Target Support Files/Pods-testleboncoin/Pods-testleboncoin.release.xcconfig"; sourceTree = "<group>"; };
		B44B9F41A6AEA041681884F5 /* Pods-testleboncoinTests.release.xcconfig */ = {isa = PBXFileReference; includeInIndex = 1; lastKnownFileType = text.xcconfig; name = "Pods-testleboncoinTests.release.xcconfig"; path = "Target Support Files/Pods-testleboncoinTests/Pods-testleboncoinTests.release.xcconfig"; sourceTree = "<group>"; };
		D83700150374B7C42ED107A3 /* Pods_testleboncoinTests.framework */ = {isa = PBXFileReference; explicitFileType = wrapper.framework; includeInIndex = 0; path = Pods_testleboncoinTests.framework; sourceTree = BUILT_PRODUCTS_DIR; };
		ED6C835426A06FDB00E24D02 /* testleboncoin.app */ = {isa = PBXFileReference; explicitFileType = wrapper.application; includeInIndex = 0; path = testleboncoin.app; sourceTree = BUILT_PRODUCTS_DIR; };
		ED6C835726A06FDB00E24D02 /* AppDelegate.swift */ = {isa = PBXFileReference; lastKnownFileType = sourcecode.swift; path = AppDelegate.swift; sourceTree = "<group>"; };
		ED6C835B26A06FDB00E24D02 /* AdvertListViewController.swift */ = {isa = PBXFileReference; lastKnownFileType = sourcecode.swift; path = AdvertListViewController.swift; sourceTree = "<group>"; };
		ED6C836026A06FDE00E24D02 /* Assets.xcassets */ = {isa = PBXFileReference; lastKnownFileType = folder.assetcatalog; path = Assets.xcassets; sourceTree = "<group>"; };
		ED6C836326A06FDE00E24D02 /* Base */ = {isa = PBXFileReference; lastKnownFileType = file.storyboard; name = Base; path = Base.lproj/LaunchScreen.storyboard; sourceTree = "<group>"; };
		ED6C836526A06FDE00E24D02 /* Info.plist */ = {isa = PBXFileReference; lastKnownFileType = text.plist.xml; path = Info.plist; sourceTree = "<group>"; };
		ED6C836A26A06FDE00E24D02 /* testleboncoinTests.xctest */ = {isa = PBXFileReference; explicitFileType = wrapper.cfbundle; includeInIndex = 0; path = testleboncoinTests.xctest; sourceTree = BUILT_PRODUCTS_DIR; };
		ED6C836E26A06FDE00E24D02 /* TestSessionTests.swift */ = {isa = PBXFileReference; lastKnownFileType = sourcecode.swift; path = TestSessionTests.swift; sourceTree = "<group>"; };
		ED6C837026A06FDE00E24D02 /* Info.plist */ = {isa = PBXFileReference; lastKnownFileType = text.plist.xml; path = Info.plist; sourceTree = "<group>"; };
		ED6C837526A06FDE00E24D02 /* testleboncoinUITests.xctest */ = {isa = PBXFileReference; explicitFileType = wrapper.cfbundle; includeInIndex = 0; path = testleboncoinUITests.xctest; sourceTree = BUILT_PRODUCTS_DIR; };
		ED6C837926A06FDE00E24D02 /* TestleboncoinUITests.swift */ = {isa = PBXFileReference; lastKnownFileType = sourcecode.swift; path = TestleboncoinUITests.swift; sourceTree = "<group>"; };
		ED6C837B26A06FDE00E24D02 /* Info.plist */ = {isa = PBXFileReference; lastKnownFileType = text.plist.xml; path = Info.plist; sourceTree = "<group>"; };
		ED6C838F26A0D90800E24D02 /* EndPoint.swift */ = {isa = PBXFileReference; lastKnownFileType = sourcecode.swift; path = EndPoint.swift; sourceTree = "<group>"; };
		ED6C839126A0DECB00E24D02 /* RESTAPIClient.swift */ = {isa = PBXFileReference; lastKnownFileType = sourcecode.swift; path = RESTAPIClient.swift; sourceTree = "<group>"; };
		ED6C839326A0EB8D00E24D02 /* APIProvider.swift */ = {isa = PBXFileReference; lastKnownFileType = sourcecode.swift; path = APIProvider.swift; sourceTree = "<group>"; };
		ED6C839526A0F07A00E24D02 /* Category.swift */ = {isa = PBXFileReference; lastKnownFileType = sourcecode.swift; path = Category.swift; sourceTree = "<group>"; };
		ED6C839826A17B5400E24D02 /* TestSession.swift */ = {isa = PBXFileReference; lastKnownFileType = sourcecode.swift; path = TestSession.swift; sourceTree = "<group>"; };
		ED6C839E26A18CC000E24D02 /* RESTAPIClientTests.swift */ = {isa = PBXFileReference; lastKnownFileType = sourcecode.swift; path = RESTAPIClientTests.swift; sourceTree = "<group>"; };
		ED6C83A126A1B8C100E24D02 /* category.json */ = {isa = PBXFileReference; fileEncoding = 4; lastKnownFileType = text.json; path = category.json; sourceTree = "<group>"; };
		ED6C83A426A1DBA000E24D02 /* category_error.json */ = {isa = PBXFileReference; fileEncoding = 4; lastKnownFileType = text.json; path = category_error.json; sourceTree = "<group>"; };
		ED6C83A726A21F6B00E24D02 /* APIProviderTests.swift */ = {isa = PBXFileReference; lastKnownFileType = sourcecode.swift; path = APIProviderTests.swift; sourceTree = "<group>"; };
		ED6C83AC26A22C8300E24D02 /* AdvertItem.swift */ = {isa = PBXFileReference; lastKnownFileType = sourcecode.swift; path = AdvertItem.swift; sourceTree = "<group>"; };
		ED6C83AF26A238DB00E24D02 /* advertList.json */ = {isa = PBXFileReference; fileEncoding = 4; lastKnownFileType = text.json; path = advertList.json; sourceTree = "<group>"; };
		ED6C83B426A2D75100E24D02 /* Extension+Data.swift */ = {isa = PBXFileReference; lastKnownFileType = sourcecode.swift; path = "Extension+Data.swift"; sourceTree = "<group>"; };
		ED6C83B626A371E800E24D02 /* advertList_error.json */ = {isa = PBXFileReference; fileEncoding = 4; lastKnownFileType = text.json; path = advertList_error.json; sourceTree = "<group>"; };
/* End PBXFileReference section */

/* Begin PBXFrameworksBuildPhase section */
		ED6C835126A06FDB00E24D02 /* Frameworks */ = {
			isa = PBXFrameworksBuildPhase;
			buildActionMask = 2147483647;
			files = (
				04DDB81FCD1CDFBD0D2B46FD /* Pods_testleboncoin.framework in Frameworks */,
			);
			runOnlyForDeploymentPostprocessing = 0;
		};
		ED6C836726A06FDE00E24D02 /* Frameworks */ = {
			isa = PBXFrameworksBuildPhase;
			buildActionMask = 2147483647;
			files = (
				EBBC796D01A6642BE9747CCD /* Pods_testleboncoinTests.framework in Frameworks */,
			);
			runOnlyForDeploymentPostprocessing = 0;
		};
		ED6C837226A06FDE00E24D02 /* Frameworks */ = {
			isa = PBXFrameworksBuildPhase;
			buildActionMask = 2147483647;
			files = (
				38EF9F3493146C0E0280B335 /* Pods_testleboncoin_testleboncoinUITests.framework in Frameworks */,
			);
			runOnlyForDeploymentPostprocessing = 0;
		};
/* End PBXFrameworksBuildPhase section */

/* Begin PBXGroup section */
		751A1BDCEFF106EFC80BED6B /* Frameworks */ = {
			isa = PBXGroup;
			children = (
				464D9039874ACE774EBB6495 /* Pods_testleboncoin.framework */,
				0C748E248015A4BE4DA43929 /* Pods_testleboncoin_testleboncoinUITests.framework */,
				D83700150374B7C42ED107A3 /* Pods_testleboncoinTests.framework */,
			);
			name = Frameworks;
			sourceTree = "<group>";
		};
		C15F31EF4AFF4A67995FA386 /* Pods */ = {
			isa = PBXGroup;
			children = (
				07380EA7896A4D5D1F6480C6 /* Pods-testleboncoin.debug.xcconfig */,
				508831FCEA30CDBF1AAC35B6 /* Pods-testleboncoin.release.xcconfig */,
				3CEB3E08ABA5EC3A2A89F53A /* Pods-testleboncoin-testleboncoinUITests.debug.xcconfig */,
				434045CB61326139988CD212 /* Pods-testleboncoin-testleboncoinUITests.release.xcconfig */,
				4ABABE1E5E3D72369A3EB75C /* Pods-testleboncoinTests.debug.xcconfig */,
				B44B9F41A6AEA041681884F5 /* Pods-testleboncoinTests.release.xcconfig */,
			);
			path = Pods;
			sourceTree = "<group>";
		};
		ED6C834B26A06FDB00E24D02 = {
			isa = PBXGroup;
			children = (
				ED6C835626A06FDB00E24D02 /* Testleboncoin */,
				ED6C836D26A06FDE00E24D02 /* TestleboncoinTests */,
				ED6C837826A06FDE00E24D02 /* TestleboncoinUITests */,
				ED6C835526A06FDB00E24D02 /* Products */,
				C15F31EF4AFF4A67995FA386 /* Pods */,
				751A1BDCEFF106EFC80BED6B /* Frameworks */,
			);
			sourceTree = "<group>";
		};
		ED6C835526A06FDB00E24D02 /* Products */ = {
			isa = PBXGroup;
			children = (
				ED6C835426A06FDB00E24D02 /* testleboncoin.app */,
				ED6C836A26A06FDE00E24D02 /* testleboncoinTests.xctest */,
				ED6C837526A06FDE00E24D02 /* testleboncoinUITests.xctest */,
			);
			name = Products;
			sourceTree = "<group>";
		};
		ED6C835626A06FDB00E24D02 /* Testleboncoin */ = {
			isa = PBXGroup;
			children = (
				ED6C83B226A2D6FC00E24D02 /* Shared */,
				ED6C838926A0817A00E24D02 /* Feature */,
				ED6C838826A0815F00E24D02 /* WebService */,
				ED6C835726A06FDB00E24D02 /* AppDelegate.swift */,
				ED6C836026A06FDE00E24D02 /* Assets.xcassets */,
				ED6C836226A06FDE00E24D02 /* LaunchScreen.storyboard */,
				ED6C836526A06FDE00E24D02 /* Info.plist */,
			);
			path = Testleboncoin;
			sourceTree = "<group>";
		};
		ED6C836D26A06FDE00E24D02 /* TestleboncoinTests */ = {
			isa = PBXGroup;
			children = (
				ED6C83A026A1B7D100E24D02 /* MockData */,
				ED6C836E26A06FDE00E24D02 /* TestSessionTests.swift */,
				ED6C839E26A18CC000E24D02 /* RESTAPIClientTests.swift */,
				ED6C837026A06FDE00E24D02 /* Info.plist */,
				ED6C83A726A21F6B00E24D02 /* APIProviderTests.swift */,
			);
			path = TestleboncoinTests;
			sourceTree = "<group>";
		};
		ED6C837826A06FDE00E24D02 /* TestleboncoinUITests */ = {
			isa = PBXGroup;
			children = (
				ED6C837926A06FDE00E24D02 /* TestleboncoinUITests.swift */,
				ED6C837B26A06FDE00E24D02 /* Info.plist */,
			);
			path = TestleboncoinUITests;
			sourceTree = "<group>";
		};
		ED6C838826A0815F00E24D02 /* WebService */ = {
			isa = PBXGroup;
			children = (
				ED6C839726A17B2900E24D02 /* Mock */,
				ED6C838F26A0D90800E24D02 /* EndPoint.swift */,
				ED6C839126A0DECB00E24D02 /* RESTAPIClient.swift */,
				ED6C839326A0EB8D00E24D02 /* APIProvider.swift */,
			);
			path = WebService;
			sourceTree = "<group>";
		};
		ED6C838926A0817A00E24D02 /* Feature */ = {
			isa = PBXGroup;
			children = (
				ED6C838B26A08A5600E24D02 /* AdvertDetail */,
				ED6C838A26A0818A00E24D02 /* AdvertList */,
			);
			path = Feature;
			sourceTree = "<group>";
		};
		ED6C838A26A0818A00E24D02 /* AdvertList */ = {
			isa = PBXGroup;
			children = (
				ED6C83AB26A22C3E00E24D02 /* View */,
				ED6C83AA26A22C3500E24D02 /* ViewModel */,
				ED6C83A926A22C2600E24D02 /* Model */,
			);
			path = AdvertList;
			sourceTree = "<group>";
		};
		ED6C838B26A08A5600E24D02 /* AdvertDetail */ = {
			isa = PBXGroup;
			children = (
				ED6C838E26A08AC500E24D02 /* Model */,
				ED6C838D26A08AB800E24D02 /* ViewModel */,
				ED6C838C26A08A9F00E24D02 /* View */,
			);
			path = AdvertDetail;
			sourceTree = "<group>";
		};
		ED6C838C26A08A9F00E24D02 /* View */ = {
			isa = PBXGroup;
			children = (
			);
			path = View;
			sourceTree = "<group>";
		};
		ED6C838D26A08AB800E24D02 /* ViewModel */ = {
			isa = PBXGroup;
			children = (
			);
			path = ViewModel;
			sourceTree = "<group>";
		};
		ED6C838E26A08AC500E24D02 /* Model */ = {
			isa = PBXGroup;
			children = (
			);
			path = Model;
			sourceTree = "<group>";
		};
		ED6C839726A17B2900E24D02 /* Mock */ = {
			isa = PBXGroup;
			children = (
				ED6C839826A17B5400E24D02 /* TestSession.swift */,
			);
			path = Mock;
			sourceTree = "<group>";
		};
		ED6C83A026A1B7D100E24D02 /* MockData */ = {
			isa = PBXGroup;
			children = (
				ED6C83B626A371E800E24D02 /* advertList_error.json */,
				ED6C83AF26A238DB00E24D02 /* advertList.json */,
				ED6C83A426A1DBA000E24D02 /* category_error.json */,
				ED6C83A126A1B8C100E24D02 /* category.json */,
			);
			path = MockData;
			sourceTree = "<group>";
		};
		ED6C83A926A22C2600E24D02 /* Model */ = {
			isa = PBXGroup;
			children = (
				ED6C839526A0F07A00E24D02 /* Category.swift */,
				ED6C83AC26A22C8300E24D02 /* AdvertItem.swift */,
			);
			path = Model;
			sourceTree = "<group>";
		};
		ED6C83AA26A22C3500E24D02 /* ViewModel */ = {
			isa = PBXGroup;
			children = (
			);
			path = ViewModel;
			sourceTree = "<group>";
		};
		ED6C83AB26A22C3E00E24D02 /* View */ = {
			isa = PBXGroup;
			children = (
				ED6C835B26A06FDB00E24D02 /* AdvertListViewController.swift */,
			);
			path = View;
			sourceTree = "<group>";
		};
		ED6C83B226A2D6FC00E24D02 /* Shared */ = {
			isa = PBXGroup;
			children = (
				ED6C83B326A2D72700E24D02 /* Extension */,
			);
			path = Shared;
			sourceTree = "<group>";
		};
		ED6C83B326A2D72700E24D02 /* Extension */ = {
			isa = PBXGroup;
			children = (
				ED6C83B426A2D75100E24D02 /* Extension+Data.swift */,
			);
			path = Extension;
			sourceTree = "<group>";
		};
/* End PBXGroup section */

/* Begin PBXNativeTarget section */
		ED6C835326A06FDB00E24D02 /* testleboncoin */ = {
			isa = PBXNativeTarget;
			buildConfigurationList = ED6C837E26A06FDE00E24D02 /* Build configuration list for PBXNativeTarget "testleboncoin" */;
			buildPhases = (
				2032ED0BCC0E96F5417D7C2A /* [CP] Check Pods Manifest.lock */,
				ED6C835026A06FDB00E24D02 /* Sources */,
				ED6C835126A06FDB00E24D02 /* Frameworks */,
				ED6C835226A06FDB00E24D02 /* Resources */,
				ED6C838726A0800000E24D02 /* ShellScript */,
			);
			buildRules = (
			);
			dependencies = (
			);
			name = testleboncoin;
			productName = testleboncoin;
			productReference = ED6C835426A06FDB00E24D02 /* testleboncoin.app */;
			productType = "com.apple.product-type.application";
		};
		ED6C836926A06FDE00E24D02 /* testleboncoinTests */ = {
			isa = PBXNativeTarget;
			buildConfigurationList = ED6C838126A06FDE00E24D02 /* Build configuration list for PBXNativeTarget "testleboncoinTests" */;
			buildPhases = (
				46028D8F2D32753FFBC0A720 /* [CP] Check Pods Manifest.lock */,
				ED6C836626A06FDE00E24D02 /* Sources */,
				ED6C836726A06FDE00E24D02 /* Frameworks */,
				ED6C836826A06FDE00E24D02 /* Resources */,
			);
			buildRules = (
			);
			dependencies = (
				ED6C836C26A06FDE00E24D02 /* PBXTargetDependency */,
			);
			name = testleboncoinTests;
			productName = testleboncoinTests;
			productReference = ED6C836A26A06FDE00E24D02 /* testleboncoinTests.xctest */;
			productType = "com.apple.product-type.bundle.unit-test";
		};
		ED6C837426A06FDE00E24D02 /* testleboncoinUITests */ = {
			isa = PBXNativeTarget;
			buildConfigurationList = ED6C838426A06FDE00E24D02 /* Build configuration list for PBXNativeTarget "testleboncoinUITests" */;
			buildPhases = (
				DA177286860CD64EEDC1B5FA /* [CP] Check Pods Manifest.lock */,
				ED6C837126A06FDE00E24D02 /* Sources */,
				ED6C837226A06FDE00E24D02 /* Frameworks */,
				ED6C837326A06FDE00E24D02 /* Resources */,
			);
			buildRules = (
			);
			dependencies = (
				ED6C837726A06FDE00E24D02 /* PBXTargetDependency */,
			);
			name = testleboncoinUITests;
			productName = testleboncoinUITests;
			productReference = ED6C837526A06FDE00E24D02 /* testleboncoinUITests.xctest */;
			productType = "com.apple.product-type.bundle.ui-testing";
		};
/* End PBXNativeTarget section */

/* Begin PBXProject section */
		ED6C834C26A06FDB00E24D02 /* Project object */ = {
			isa = PBXProject;
			attributes = {
				LastSwiftUpdateCheck = 1250;
				LastUpgradeCheck = 1250;
				TargetAttributes = {
					ED6C835326A06FDB00E24D02 = {
						CreatedOnToolsVersion = 12.5;
					};
					ED6C836926A06FDE00E24D02 = {
						CreatedOnToolsVersion = 12.5;
						TestTargetID = ED6C835326A06FDB00E24D02;
					};
					ED6C837426A06FDE00E24D02 = {
						CreatedOnToolsVersion = 12.5;
						TestTargetID = ED6C835326A06FDB00E24D02;
					};
				};
			};
			buildConfigurationList = ED6C834F26A06FDB00E24D02 /* Build configuration list for PBXProject "testleboncoin" */;
			compatibilityVersion = "Xcode 9.3";
			developmentRegion = en;
			hasScannedForEncodings = 0;
			knownRegions = (
				en,
				Base,
			);
			mainGroup = ED6C834B26A06FDB00E24D02;
			productRefGroup = ED6C835526A06FDB00E24D02 /* Products */;
			projectDirPath = "";
			projectRoot = "";
			targets = (
				ED6C835326A06FDB00E24D02 /* testleboncoin */,
				ED6C836926A06FDE00E24D02 /* testleboncoinTests */,
				ED6C837426A06FDE00E24D02 /* testleboncoinUITests */,
			);
		};
/* End PBXProject section */

/* Begin PBXResourcesBuildPhase section */
		ED6C835226A06FDB00E24D02 /* Resources */ = {
			isa = PBXResourcesBuildPhase;
			buildActionMask = 2147483647;
			files = (
				ED6C836426A06FDE00E24D02 /* LaunchScreen.storyboard in Resources */,
				ED6C836126A06FDE00E24D02 /* Assets.xcassets in Resources */,
				ED6C83A526A1DBA000E24D02 /* category_error.json in Resources */,
				ED6C83B026A238DC00E24D02 /* advertList.json in Resources */,
				ED6C83B726A371E900E24D02 /* advertList_error.json in Resources */,
				ED6C83A226A1B8C100E24D02 /* category.json in Resources */,
			);
			runOnlyForDeploymentPostprocessing = 0;
		};
		ED6C836826A06FDE00E24D02 /* Resources */ = {
			isa = PBXResourcesBuildPhase;
			buildActionMask = 2147483647;
			files = (
				ED6C83B826A3723300E24D02 /* advertList_error.json in Resources */,
				ED6C83A626A1DBA000E24D02 /* category_error.json in Resources */,
				ED6C83A326A1B8C100E24D02 /* category.json in Resources */,
				ED6C83B126A238DC00E24D02 /* advertList.json in Resources */,
			);
			runOnlyForDeploymentPostprocessing = 0;
		};
		ED6C837326A06FDE00E24D02 /* Resources */ = {
			isa = PBXResourcesBuildPhase;
			buildActionMask = 2147483647;
			files = (
			);
			runOnlyForDeploymentPostprocessing = 0;
		};
/* End PBXResourcesBuildPhase section */

/* Begin PBXShellScriptBuildPhase section */
		2032ED0BCC0E96F5417D7C2A /* [CP] Check Pods Manifest.lock */ = {
			isa = PBXShellScriptBuildPhase;
			buildActionMask = 2147483647;
			files = (
			);
			inputFileListPaths = (
			);
			inputPaths = (
				"${PODS_PODFILE_DIR_PATH}/Podfile.lock",
				"${PODS_ROOT}/Manifest.lock",
			);
			name = "[CP] Check Pods Manifest.lock";
			outputFileListPaths = (
			);
			outputPaths = (
				"$(DERIVED_FILE_DIR)/Pods-testleboncoin-checkManifestLockResult.txt",
			);
			runOnlyForDeploymentPostprocessing = 0;
			shellPath = /bin/sh;
			shellScript = "diff \"${PODS_PODFILE_DIR_PATH}/Podfile.lock\" \"${PODS_ROOT}/Manifest.lock\" > /dev/null\nif [ $? != 0 ] ; then\n    # print error to STDERR\n    echo \"error: The sandbox is not in sync with the Podfile.lock. Run 'pod install' or update your CocoaPods installation.\" >&2\n    exit 1\nfi\n# This output is used by Xcode 'outputs' to avoid re-running this script phase.\necho \"SUCCESS\" > \"${SCRIPT_OUTPUT_FILE_0}\"\n";
			showEnvVarsInLog = 0;
		};
		46028D8F2D32753FFBC0A720 /* [CP] Check Pods Manifest.lock */ = {
			isa = PBXShellScriptBuildPhase;
			buildActionMask = 2147483647;
			files = (
			);
			inputFileListPaths = (
			);
			inputPaths = (
				"${PODS_PODFILE_DIR_PATH}/Podfile.lock",
				"${PODS_ROOT}/Manifest.lock",
			);
			name = "[CP] Check Pods Manifest.lock";
			outputFileListPaths = (
			);
			outputPaths = (
				"$(DERIVED_FILE_DIR)/Pods-testleboncoinTests-checkManifestLockResult.txt",
			);
			runOnlyForDeploymentPostprocessing = 0;
			shellPath = /bin/sh;
			shellScript = "diff \"${PODS_PODFILE_DIR_PATH}/Podfile.lock\" \"${PODS_ROOT}/Manifest.lock\" > /dev/null\nif [ $? != 0 ] ; then\n    # print error to STDERR\n    echo \"error: The sandbox is not in sync with the Podfile.lock. Run 'pod install' or update your CocoaPods installation.\" >&2\n    exit 1\nfi\n# This output is used by Xcode 'outputs' to avoid re-running this script phase.\necho \"SUCCESS\" > \"${SCRIPT_OUTPUT_FILE_0}\"\n";
			showEnvVarsInLog = 0;
		};
		DA177286860CD64EEDC1B5FA /* [CP] Check Pods Manifest.lock */ = {
			isa = PBXShellScriptBuildPhase;
			buildActionMask = 2147483647;
			files = (
			);
			inputFileListPaths = (
			);
			inputPaths = (
				"${PODS_PODFILE_DIR_PATH}/Podfile.lock",
				"${PODS_ROOT}/Manifest.lock",
			);
			name = "[CP] Check Pods Manifest.lock";
			outputFileListPaths = (
			);
			outputPaths = (
				"$(DERIVED_FILE_DIR)/Pods-testleboncoin-testleboncoinUITests-checkManifestLockResult.txt",
			);
			runOnlyForDeploymentPostprocessing = 0;
			shellPath = /bin/sh;
			shellScript = "diff \"${PODS_PODFILE_DIR_PATH}/Podfile.lock\" \"${PODS_ROOT}/Manifest.lock\" > /dev/null\nif [ $? != 0 ] ; then\n    # print error to STDERR\n    echo \"error: The sandbox is not in sync with the Podfile.lock. Run 'pod install' or update your CocoaPods installation.\" >&2\n    exit 1\nfi\n# This output is used by Xcode 'outputs' to avoid re-running this script phase.\necho \"SUCCESS\" > \"${SCRIPT_OUTPUT_FILE_0}\"\n";
			showEnvVarsInLog = 0;
		};
		ED6C838726A0800000E24D02 /* ShellScript */ = {
			isa = PBXShellScriptBuildPhase;
			buildActionMask = 2147483647;
			files = (
			);
			inputFileListPaths = (
			);
			inputPaths = (
			);
			outputFileListPaths = (
			);
			outputPaths = (
			);
			runOnlyForDeploymentPostprocessing = 0;
			shellPath = /bin/sh;
			shellScript = "if which swiftlint >/dev/null; then\n  swiftlint\nelse\n  echo \"warning: SwiftLint not installed, download from https://github.com/realm/SwiftLint\"\nfi\n";
		};
/* End PBXShellScriptBuildPhase section */

/* Begin PBXSourcesBuildPhase section */
		ED6C835026A06FDB00E24D02 /* Sources */ = {
			isa = PBXSourcesBuildPhase;
			buildActionMask = 2147483647;
			files = (
				ED6C83AD26A22C8300E24D02 /* AdvertItem.swift in Sources */,
				ED6C83B526A2D75100E24D02 /* Extension+Data.swift in Sources */,
				ED6C839926A17B5400E24D02 /* TestSession.swift in Sources */,
				ED6C839026A0D90800E24D02 /* EndPoint.swift in Sources */,
				ED6C839226A0DECB00E24D02 /* RESTAPIClient.swift in Sources */,
				ED6C839426A0EB8D00E24D02 /* APIProvider.swift in Sources */,
				ED6C835C26A06FDB00E24D02 /* AdvertListViewController.swift in Sources */,
				ED6C835826A06FDB00E24D02 /* AppDelegate.swift in Sources */,
				ED6C839626A0F07A00E24D02 /* Category.swift in Sources */,
			);
			runOnlyForDeploymentPostprocessing = 0;
		};
		ED6C836626A06FDE00E24D02 /* Sources */ = {
			isa = PBXSourcesBuildPhase;
			buildActionMask = 2147483647;
			files = (
				ED6C836F26A06FDE00E24D02 /* TestSessionTests.swift in Sources */,
				ED6C83A826A21F6B00E24D02 /* APIProviderTests.swift in Sources */,
				ED6C839F26A18CC000E24D02 /* RESTAPIClientTests.swift in Sources */,
			);
			runOnlyForDeploymentPostprocessing = 0;
		};
		ED6C837126A06FDE00E24D02 /* Sources */ = {
			isa = PBXSourcesBuildPhase;
			buildActionMask = 2147483647;
			files = (
				ED6C837A26A06FDE00E24D02 /* TestleboncoinUITests.swift in Sources */,
			);
			runOnlyForDeploymentPostprocessing = 0;
		};
/* End PBXSourcesBuildPhase section */

/* Begin PBXTargetDependency section */
		ED6C836C26A06FDE00E24D02 /* PBXTargetDependency */ = {
			isa = PBXTargetDependency;
			target = ED6C835326A06FDB00E24D02 /* testleboncoin */;
			targetProxy = ED6C836B26A06FDE00E24D02 /* PBXContainerItemProxy */;
		};
		ED6C837726A06FDE00E24D02 /* PBXTargetDependency */ = {
			isa = PBXTargetDependency;
			target = ED6C835326A06FDB00E24D02 /* testleboncoin */;
			targetProxy = ED6C837626A06FDE00E24D02 /* PBXContainerItemProxy */;
		};
/* End PBXTargetDependency section */

/* Begin PBXVariantGroup section */
		ED6C836226A06FDE00E24D02 /* LaunchScreen.storyboard */ = {
			isa = PBXVariantGroup;
			children = (
				ED6C836326A06FDE00E24D02 /* Base */,
			);
			name = LaunchScreen.storyboard;
			sourceTree = "<group>";
		};
/* End PBXVariantGroup section */

/* Begin XCBuildConfiguration section */
		ED6C837C26A06FDE00E24D02 /* Debug */ = {
			isa = XCBuildConfiguration;
			buildSettings = {
				ALWAYS_SEARCH_USER_PATHS = NO;
				CLANG_ANALYZER_NONNULL = YES;
				CLANG_ANALYZER_NUMBER_OBJECT_CONVERSION = YES_AGGRESSIVE;
				CLANG_CXX_LANGUAGE_STANDARD = "gnu++14";
				CLANG_CXX_LIBRARY = "libc++";
				CLANG_ENABLE_MODULES = YES;
				CLANG_ENABLE_OBJC_ARC = YES;
				CLANG_ENABLE_OBJC_WEAK = YES;
				CLANG_WARN_BLOCK_CAPTURE_AUTORELEASING = YES;
				CLANG_WARN_BOOL_CONVERSION = YES;
				CLANG_WARN_COMMA = YES;
				CLANG_WARN_CONSTANT_CONVERSION = YES;
				CLANG_WARN_DEPRECATED_OBJC_IMPLEMENTATIONS = YES;
				CLANG_WARN_DIRECT_OBJC_ISA_USAGE = YES_ERROR;
				CLANG_WARN_DOCUMENTATION_COMMENTS = YES;
				CLANG_WARN_EMPTY_BODY = YES;
				CLANG_WARN_ENUM_CONVERSION = YES;
				CLANG_WARN_INFINITE_RECURSION = YES;
				CLANG_WARN_INT_CONVERSION = YES;
				CLANG_WARN_NON_LITERAL_NULL_CONVERSION = YES;
				CLANG_WARN_OBJC_IMPLICIT_RETAIN_SELF = YES;
				CLANG_WARN_OBJC_LITERAL_CONVERSION = YES;
				CLANG_WARN_OBJC_ROOT_CLASS = YES_ERROR;
				CLANG_WARN_QUOTED_INCLUDE_IN_FRAMEWORK_HEADER = YES;
				CLANG_WARN_RANGE_LOOP_ANALYSIS = YES;
				CLANG_WARN_STRICT_PROTOTYPES = YES;
				CLANG_WARN_SUSPICIOUS_MOVE = YES;
				CLANG_WARN_UNGUARDED_AVAILABILITY = YES_AGGRESSIVE;
				CLANG_WARN_UNREACHABLE_CODE = YES;
				CLANG_WARN__DUPLICATE_METHOD_MATCH = YES;
				COPY_PHASE_STRIP = NO;
				DEBUG_INFORMATION_FORMAT = dwarf;
				ENABLE_STRICT_OBJC_MSGSEND = YES;
				ENABLE_TESTABILITY = YES;
				GCC_C_LANGUAGE_STANDARD = gnu11;
				GCC_DYNAMIC_NO_PIC = NO;
				GCC_NO_COMMON_BLOCKS = YES;
				GCC_OPTIMIZATION_LEVEL = 0;
				GCC_PREPROCESSOR_DEFINITIONS = (
					"DEBUG=1",
					"$(inherited)",
				);
				GCC_WARN_64_TO_32_BIT_CONVERSION = YES;
				GCC_WARN_ABOUT_RETURN_TYPE = YES_ERROR;
				GCC_WARN_UNDECLARED_SELECTOR = YES;
				GCC_WARN_UNINITIALIZED_AUTOS = YES_AGGRESSIVE;
				GCC_WARN_UNUSED_FUNCTION = YES;
				GCC_WARN_UNUSED_VARIABLE = YES;
				IPHONEOS_DEPLOYMENT_TARGET = 12.1;
				MTL_ENABLE_DEBUG_INFO = INCLUDE_SOURCE;
				MTL_FAST_MATH = YES;
				ONLY_ACTIVE_ARCH = YES;
				SDKROOT = iphoneos;
				SWIFT_ACTIVE_COMPILATION_CONDITIONS = DEBUG;
				SWIFT_OPTIMIZATION_LEVEL = "-Onone";
			};
			name = Debug;
		};
		ED6C837D26A06FDE00E24D02 /* Release */ = {
			isa = XCBuildConfiguration;
			buildSettings = {
				ALWAYS_SEARCH_USER_PATHS = NO;
				CLANG_ANALYZER_NONNULL = YES;
				CLANG_ANALYZER_NUMBER_OBJECT_CONVERSION = YES_AGGRESSIVE;
				CLANG_CXX_LANGUAGE_STANDARD = "gnu++14";
				CLANG_CXX_LIBRARY = "libc++";
				CLANG_ENABLE_MODULES = YES;
				CLANG_ENABLE_OBJC_ARC = YES;
				CLANG_ENABLE_OBJC_WEAK = YES;
				CLANG_WARN_BLOCK_CAPTURE_AUTORELEASING = YES;
				CLANG_WARN_BOOL_CONVERSION = YES;
				CLANG_WARN_COMMA = YES;
				CLANG_WARN_CONSTANT_CONVERSION = YES;
				CLANG_WARN_DEPRECATED_OBJC_IMPLEMENTATIONS = YES;
				CLANG_WARN_DIRECT_OBJC_ISA_USAGE = YES_ERROR;
				CLANG_WARN_DOCUMENTATION_COMMENTS = YES;
				CLANG_WARN_EMPTY_BODY = YES;
				CLANG_WARN_ENUM_CONVERSION = YES;
				CLANG_WARN_INFINITE_RECURSION = YES;
				CLANG_WARN_INT_CONVERSION = YES;
				CLANG_WARN_NON_LITERAL_NULL_CONVERSION = YES;
				CLANG_WARN_OBJC_IMPLICIT_RETAIN_SELF = YES;
				CLANG_WARN_OBJC_LITERAL_CONVERSION = YES;
				CLANG_WARN_OBJC_ROOT_CLASS = YES_ERROR;
				CLANG_WARN_QUOTED_INCLUDE_IN_FRAMEWORK_HEADER = YES;
				CLANG_WARN_RANGE_LOOP_ANALYSIS = YES;
				CLANG_WARN_STRICT_PROTOTYPES = YES;
				CLANG_WARN_SUSPICIOUS_MOVE = YES;
				CLANG_WARN_UNGUARDED_AVAILABILITY = YES_AGGRESSIVE;
				CLANG_WARN_UNREACHABLE_CODE = YES;
				CLANG_WARN__DUPLICATE_METHOD_MATCH = YES;
				COPY_PHASE_STRIP = NO;
				DEBUG_INFORMATION_FORMAT = "dwarf-with-dsym";
				ENABLE_NS_ASSERTIONS = NO;
				ENABLE_STRICT_OBJC_MSGSEND = YES;
				GCC_C_LANGUAGE_STANDARD = gnu11;
				GCC_NO_COMMON_BLOCKS = YES;
				GCC_WARN_64_TO_32_BIT_CONVERSION = YES;
				GCC_WARN_ABOUT_RETURN_TYPE = YES_ERROR;
				GCC_WARN_UNDECLARED_SELECTOR = YES;
				GCC_WARN_UNINITIALIZED_AUTOS = YES_AGGRESSIVE;
				GCC_WARN_UNUSED_FUNCTION = YES;
				GCC_WARN_UNUSED_VARIABLE = YES;
				IPHONEOS_DEPLOYMENT_TARGET = 12.1;
				MTL_ENABLE_DEBUG_INFO = NO;
				MTL_FAST_MATH = YES;
				SDKROOT = iphoneos;
				SWIFT_COMPILATION_MODE = wholemodule;
				SWIFT_OPTIMIZATION_LEVEL = "-O";
				VALIDATE_PRODUCT = YES;
			};
			name = Release;
		};
		ED6C837F26A06FDE00E24D02 /* Debug */ = {
			isa = XCBuildConfiguration;
			baseConfigurationReference = 07380EA7896A4D5D1F6480C6 /* Pods-testleboncoin.debug.xcconfig */;
			buildSettings = {
				ASSETCATALOG_COMPILER_APPICON_NAME = AppIcon;
				ASSETCATALOG_COMPILER_GLOBAL_ACCENT_COLOR_NAME = AccentColor;
				CODE_SIGN_STYLE = Automatic;
				INFOPLIST_FILE = testleboncoin/Info.plist;
				IPHONEOS_DEPLOYMENT_TARGET = 12.1;
				LD_RUNPATH_SEARCH_PATHS = (
					"$(inherited)",
					"@executable_path/Frameworks",
				);
				PRODUCT_BUNDLE_IDENTIFIER = fr.yangfan.testleboncoin;
				PRODUCT_NAME = "$(TARGET_NAME)";
				SWIFT_VERSION = 5.0;
				TARGETED_DEVICE_FAMILY = "1,2";
			};
			name = Debug;
		};
		ED6C838026A06FDE00E24D02 /* Release */ = {
			isa = XCBuildConfiguration;
			baseConfigurationReference = 508831FCEA30CDBF1AAC35B6 /* Pods-testleboncoin.release.xcconfig */;
			buildSettings = {
				ASSETCATALOG_COMPILER_APPICON_NAME = AppIcon;
				ASSETCATALOG_COMPILER_GLOBAL_ACCENT_COLOR_NAME = AccentColor;
				CODE_SIGN_STYLE = Automatic;
				INFOPLIST_FILE = testleboncoin/Info.plist;
				IPHONEOS_DEPLOYMENT_TARGET = 12.1;
				LD_RUNPATH_SEARCH_PATHS = (
					"$(inherited)",
					"@executable_path/Frameworks",
				);
				PRODUCT_BUNDLE_IDENTIFIER = fr.yangfan.testleboncoin;
				PRODUCT_NAME = "$(TARGET_NAME)";
				SWIFT_VERSION = 5.0;
				TARGETED_DEVICE_FAMILY = "1,2";
			};
			name = Release;
		};
		ED6C838226A06FDE00E24D02 /* Debug */ = {
			isa = XCBuildConfiguration;
			baseConfigurationReference = 4ABABE1E5E3D72369A3EB75C /* Pods-testleboncoinTests.debug.xcconfig */;
			buildSettings = {
				ALWAYS_EMBED_SWIFT_STANDARD_LIBRARIES = YES;
				BUNDLE_LOADER = "$(TEST_HOST)";
				CODE_SIGN_STYLE = Automatic;
				INFOPLIST_FILE = testleboncoinTests/Info.plist;
				IPHONEOS_DEPLOYMENT_TARGET = 12.1;
				LD_RUNPATH_SEARCH_PATHS = (
					"$(inherited)",
					"@executable_path/Frameworks",
					"@loader_path/Frameworks",
				);
				PRODUCT_BUNDLE_IDENTIFIER = fr.yangfan.testleboncoinTests;
				PRODUCT_NAME = "$(TARGET_NAME)";
				SWIFT_VERSION = 5.0;
				TARGETED_DEVICE_FAMILY = "1,2";
				TEST_HOST = "$(BUILT_PRODUCTS_DIR)/testleboncoin.app/testleboncoin";
			};
			name = Debug;
		};
		ED6C838326A06FDE00E24D02 /* Release */ = {
			isa = XCBuildConfiguration;
			baseConfigurationReference = B44B9F41A6AEA041681884F5 /* Pods-testleboncoinTests.release.xcconfig */;
			buildSettings = {
				ALWAYS_EMBED_SWIFT_STANDARD_LIBRARIES = YES;
				BUNDLE_LOADER = "$(TEST_HOST)";
				CODE_SIGN_STYLE = Automatic;
				INFOPLIST_FILE = testleboncoinTests/Info.plist;
				IPHONEOS_DEPLOYMENT_TARGET = 12.1;
				LD_RUNPATH_SEARCH_PATHS = (
					"$(inherited)",
					"@executable_path/Frameworks",
					"@loader_path/Frameworks",
				);
				PRODUCT_BUNDLE_IDENTIFIER = fr.yangfan.testleboncoinTests;
				PRODUCT_NAME = "$(TARGET_NAME)";
				SWIFT_VERSION = 5.0;
				TARGETED_DEVICE_FAMILY = "1,2";
				TEST_HOST = "$(BUILT_PRODUCTS_DIR)/testleboncoin.app/testleboncoin";
			};
			name = Release;
		};
		ED6C838526A06FDE00E24D02 /* Debug */ = {
			isa = XCBuildConfiguration;
			baseConfigurationReference = 3CEB3E08ABA5EC3A2A89F53A /* Pods-testleboncoin-testleboncoinUITests.debug.xcconfig */;
			buildSettings = {
				ALWAYS_EMBED_SWIFT_STANDARD_LIBRARIES = YES;
				CODE_SIGN_STYLE = Automatic;
				INFOPLIST_FILE = testleboncoinUITests/Info.plist;
				LD_RUNPATH_SEARCH_PATHS = (
					"$(inherited)",
					"@executable_path/Frameworks",
					"@loader_path/Frameworks",
				);
				PRODUCT_BUNDLE_IDENTIFIER = fr.yangfan.testleboncoinUITests;
				PRODUCT_NAME = "$(TARGET_NAME)";
				SWIFT_VERSION = 5.0;
				TARGETED_DEVICE_FAMILY = "1,2";
				TEST_TARGET_NAME = testleboncoin;
			};
			name = Debug;
		};
		ED6C838626A06FDE00E24D02 /* Release */ = {
			isa = XCBuildConfiguration;
			baseConfigurationReference = 434045CB61326139988CD212 /* Pods-testleboncoin-testleboncoinUITests.release.xcconfig */;
			buildSettings = {
				ALWAYS_EMBED_SWIFT_STANDARD_LIBRARIES = YES;
				CODE_SIGN_STYLE = Automatic;
				INFOPLIST_FILE = testleboncoinUITests/Info.plist;
				LD_RUNPATH_SEARCH_PATHS = (
					"$(inherited)",
					"@executable_path/Frameworks",
					"@loader_path/Frameworks",
				);
				PRODUCT_BUNDLE_IDENTIFIER = fr.yangfan.testleboncoinUITests;
				PRODUCT_NAME = "$(TARGET_NAME)";
				SWIFT_VERSION = 5.0;
				TARGETED_DEVICE_FAMILY = "1,2";
				TEST_TARGET_NAME = testleboncoin;
			};
			name = Release;
		};
/* End XCBuildConfiguration section */

/* Begin XCConfigurationList section */
		ED6C834F26A06FDB00E24D02 /* Build configuration list for PBXProject "testleboncoin" */ = {
			isa = XCConfigurationList;
			buildConfigurations = (
				ED6C837C26A06FDE00E24D02 /* Debug */,
				ED6C837D26A06FDE00E24D02 /* Release */,
			);
			defaultConfigurationIsVisible = 0;
			defaultConfigurationName = Release;
		};
		ED6C837E26A06FDE00E24D02 /* Build configuration list for PBXNativeTarget "testleboncoin" */ = {
			isa = XCConfigurationList;
			buildConfigurations = (
				ED6C837F26A06FDE00E24D02 /* Debug */,
				ED6C838026A06FDE00E24D02 /* Release */,
			);
			defaultConfigurationIsVisible = 0;
			defaultConfigurationName = Release;
		};
		ED6C838126A06FDE00E24D02 /* Build configuration list for PBXNativeTarget "testleboncoinTests" */ = {
			isa = XCConfigurationList;
			buildConfigurations = (
				ED6C838226A06FDE00E24D02 /* Debug */,
				ED6C838326A06FDE00E24D02 /* Release */,
			);
			defaultConfigurationIsVisible = 0;
			defaultConfigurationName = Release;
		};
		ED6C838426A06FDE00E24D02 /* Build configuration list for PBXNativeTarget "testleboncoinUITests" */ = {
			isa = XCConfigurationList;
			buildConfigurations = (
				ED6C838526A06FDE00E24D02 /* Debug */,
				ED6C838626A06FDE00E24D02 /* Release */,
			);
			defaultConfigurationIsVisible = 0;
			defaultConfigurationName = Release;
		};
/* End XCConfigurationList section */
	};
	rootObject = ED6C834C26A06FDB00E24D02 /* Project object */;
}
